
Microsoft Visual Studio Solution File, Format Version 12.00
# Visual Studio Version 16
VisualStudioVersion = 16.0.29926.136
MinimumVisualStudioVersion = 10.0.40219.1
Project("{FAE04EC0-301F-11D3-BF4B-00C04F79EFBC}") = "eczaneOtomasyon", "eczaneOtomasyon\eczaneOtomasyon.csproj", "{9CE45354-F17D-4F22-9F2D-4D3736DC9CCD}"
EndProject
Global
	GlobalSection(SolutionConfigurationPlatforms) = preSolution
		Debug|Any CPU = Debug|Any CPU
		Release|Any CPU = Release|Any CPU
	EndGlobalSection
	GlobalSection(ProjectConfigurationPlatforms) = postSolution
		{9CE45354-F17D-4F22-9F2D-4D3736DC9CCD}.Debug|Any CPU.ActiveCfg = Debug|Any CPU
		{9CE45354-F17D-4F22-9F2D-4D3736DC9CCD}.Debug|Any CPU.Build.0 = Debug|Any CPU
		{9CE45354-F17D-4F22-9F2D-4D3736DC9CCD}.Release|Any CPU.ActiveCfg = Release|Any CPU
		{9CE45354-F17D-4F22-9F2D-4D3736DC9CCD}.Release|Any CPU.Build.0 = Release|Any CPU
	EndGlobalSection
	GlobalSection(SolutionProperties) = preSolution
		HideSolutionNode = FALSE
	EndGlobalSection
	GlobalSection(ExtensibilityGlobals) = postSolution
		SolutionGuid = {33A87892-6814-4B23-B25F-C42139780340}
	EndGlobalSection
EndGlobal
